
Microsoft Visual Studio Solution File, Format Version 12.00
# Visual Studio Version 16
VisualStudioVersion = 16.0.31515.178
MinimumVisualStudioVersion = 10.0.40219.1
Project("{FAE04EC0-301F-11D3-BF4B-00C04F79EFBC}") = "eSchool.Presenter", "eSchool.Presenter\eSchool.Presenter.csproj", "{09A7BA1C-0F14-459E-B52C-F2A62AFFA82E}"
EndProject
Global
	GlobalSection(SolutionConfigurationPlatforms) = preSolution
		Debug|Any CPU = Debug|Any CPU
		Release|Any CPU = Release|Any CPU
	EndGlobalSection
	GlobalSection(ProjectConfigurationPlatforms) = postSolution
		{09A7BA1C-0F14-459E-B52C-F2A62AFFA82E}.Debug|Any CPU.ActiveCfg = Debug|Any CPU
		{09A7BA1C-0F14-459E-B52C-F2A62AFFA82E}.Debug|Any CPU.Build.0 = Debug|Any CPU
		{09A7BA1C-0F14-459E-B52C-F2A62AFFA82E}.Release|Any CPU.ActiveCfg = Release|Any CPU
		{09A7BA1C-0F14-459E-B52C-F2A62AFFA82E}.Release|Any CPU.Build.0 = Release|Any CPU
	EndGlobalSection
	GlobalSection(SolutionProperties) = preSolution
		HideSolutionNode = FALSE
	EndGlobalSection
	GlobalSection(ExtensibilityGlobals) = postSolution
		SolutionGuid = {E2A50729-4297-46FF-A766-405FA8457F76}
	EndGlobalSection
EndGlobal
