
Microsoft Visual Studio Solution File, Format Version 12.00
# Visual Studio Version 16
VisualStudioVersion = 16.0.31515.178
MinimumVisualStudioVersion = 10.0.40219.1
Project("{9A19103F-16F7-4668-BE54-9A1E7A4F7556}") = "eSchool.Presenter", "eSchool.Presenter\eSchool.Presenter.csproj", "{09A7BA1C-0F14-459E-B52C-F2A62AFFA82E}"
EndProject
Project("{9A19103F-16F7-4668-BE54-9A1E7A4F7556}") = "eSchool.Presenter.Test", "eSchool.Presenter.Test\eSchool.Presenter.Test.csproj", "{22133C6E-0754-481F-AAAF-AD6EBD62CF35}"
EndProject
Project("{9A19103F-16F7-4668-BE54-9A1E7A4F7556}") = "eSchool.Services", "eSchool.Services\eSchool.Services.csproj", "{1DADA902-1DA8-4139-8BA2-2071A2D3C75F}"
EndProject
Project("{FAE04EC0-301F-11D3-BF4B-00C04F79EFBC}") = "eSchool.Controller", "eSchool.Controller\eSchool.Controller.csproj", "{8FE8CA5C-AB9C-4470-9362-B40D85DB198C}"
EndProject
Project("{FAE04EC0-301F-11D3-BF4B-00C04F79EFBC}") = "eSchool.Interfaces", "eSchool.Interfaces\eSchool.Interfaces.csproj", "{E0773CE9-0C2A-4E4B-A5E9-0D5AD4AF9544}"
EndProject
Project("{FAE04EC0-301F-11D3-BF4B-00C04F79EFBC}") = "eSchool.Presenter.Forms", "eSchool.Presenter.Forms\eSchool.Presenter.Forms.csproj", "{559D82F1-5510-4615-B268-814F1D2BF891}"
EndProject
Global
	GlobalSection(SolutionConfigurationPlatforms) = preSolution
		Debug|Any CPU = Debug|Any CPU
		Release|Any CPU = Release|Any CPU
	EndGlobalSection
	GlobalSection(ProjectConfigurationPlatforms) = postSolution
		{09A7BA1C-0F14-459E-B52C-F2A62AFFA82E}.Debug|Any CPU.ActiveCfg = Debug|Any CPU
		{09A7BA1C-0F14-459E-B52C-F2A62AFFA82E}.Debug|Any CPU.Build.0 = Debug|Any CPU
		{09A7BA1C-0F14-459E-B52C-F2A62AFFA82E}.Release|Any CPU.ActiveCfg = Release|Any CPU
		{09A7BA1C-0F14-459E-B52C-F2A62AFFA82E}.Release|Any CPU.Build.0 = Release|Any CPU
		{22133C6E-0754-481F-AAAF-AD6EBD62CF35}.Debug|Any CPU.ActiveCfg = Debug|Any CPU
		{22133C6E-0754-481F-AAAF-AD6EBD62CF35}.Debug|Any CPU.Build.0 = Debug|Any CPU
		{22133C6E-0754-481F-AAAF-AD6EBD62CF35}.Release|Any CPU.ActiveCfg = Release|Any CPU
		{22133C6E-0754-481F-AAAF-AD6EBD62CF35}.Release|Any CPU.Build.0 = Release|Any CPU
		{1DADA902-1DA8-4139-8BA2-2071A2D3C75F}.Debug|Any CPU.ActiveCfg = Debug|Any CPU
		{1DADA902-1DA8-4139-8BA2-2071A2D3C75F}.Debug|Any CPU.Build.0 = Debug|Any CPU
		{1DADA902-1DA8-4139-8BA2-2071A2D3C75F}.Release|Any CPU.ActiveCfg = Release|Any CPU
		{1DADA902-1DA8-4139-8BA2-2071A2D3C75F}.Release|Any CPU.Build.0 = Release|Any CPU
		{8FE8CA5C-AB9C-4470-9362-B40D85DB198C}.Debug|Any CPU.ActiveCfg = Debug|Any CPU
		{8FE8CA5C-AB9C-4470-9362-B40D85DB198C}.Debug|Any CPU.Build.0 = Debug|Any CPU
		{8FE8CA5C-AB9C-4470-9362-B40D85DB198C}.Release|Any CPU.ActiveCfg = Release|Any CPU
		{8FE8CA5C-AB9C-4470-9362-B40D85DB198C}.Release|Any CPU.Build.0 = Release|Any CPU
		{E0773CE9-0C2A-4E4B-A5E9-0D5AD4AF9544}.Debug|Any CPU.ActiveCfg = Debug|Any CPU
		{E0773CE9-0C2A-4E4B-A5E9-0D5AD4AF9544}.Debug|Any CPU.Build.0 = Debug|Any CPU
		{E0773CE9-0C2A-4E4B-A5E9-0D5AD4AF9544}.Release|Any CPU.ActiveCfg = Release|Any CPU
		{E0773CE9-0C2A-4E4B-A5E9-0D5AD4AF9544}.Release|Any CPU.Build.0 = Release|Any CPU
		{559D82F1-5510-4615-B268-814F1D2BF891}.Debug|Any CPU.ActiveCfg = Debug|Any CPU
		{559D82F1-5510-4615-B268-814F1D2BF891}.Debug|Any CPU.Build.0 = Debug|Any CPU
		{559D82F1-5510-4615-B268-814F1D2BF891}.Release|Any CPU.ActiveCfg = Release|Any CPU
		{559D82F1-5510-4615-B268-814F1D2BF891}.Release|Any CPU.Build.0 = Release|Any CPU
	EndGlobalSection
	GlobalSection(SolutionProperties) = preSolution
		HideSolutionNode = FALSE
	EndGlobalSection
	GlobalSection(ExtensibilityGlobals) = postSolution
		SolutionGuid = {E2A50729-4297-46FF-A766-405FA8457F76}
	EndGlobalSection
EndGlobal
